
Microsoft Visual Studio Solution File, Format Version 12.00
# Visual Studio 15
Project("{FAE04EC0-301F-11D3-BF4B-00C04F79EFBC}") = "Covid-19-Tracker.Web", "Covid-19-Tracker.Web\Covid-19-Tracker.Web.csproj", "{80B2BB76-22C0-4992-AA6E-750F0C2A8AC8}"
EndProject
Project("{FAE04EC0-301F-11D3-BF4B-00C04F79EFBC}") = "Covid-19-Tracker.Persistence", "Covid-19-Tracker.Persistence\Covid-19-Tracker.Persistence.csproj", "{FF2E0731-9EC9-4A6C-8346-054E763ACC49}"
EndProject
Project("{FAE04EC0-301F-11D3-BF4B-00C04F79EFBC}") = "Covid-19-Tracker.Entites", "Covid-19-Tracker.Entites\Covid-19-Tracker.Entites.csproj", "{2FF81DA2-CACC-41F5-89F0-7B0793A3AAF2}"
EndProject
Project("{FAE04EC0-301F-11D3-BF4B-00C04F79EFBC}") = "Covid-19-Tracker.Tests", "Covid-19-Tracker.Tests\Covid-19-Tracker.Tests.csproj", "{0137FCEC-6F78-4F19-BEEA-B731D7522A08}"
EndProject
Global
	GlobalSection(SolutionConfigurationPlatforms) = preSolution
		Debug|Any CPU = Debug|Any CPU
		Release|Any CPU = Release|Any CPU
	EndGlobalSection
	GlobalSection(ProjectConfigurationPlatforms) = postSolution
		{80B2BB76-22C0-4992-AA6E-750F0C2A8AC8}.Debug|Any CPU.ActiveCfg = Debug|Any CPU
		{80B2BB76-22C0-4992-AA6E-750F0C2A8AC8}.Debug|Any CPU.Build.0 = Debug|Any CPU
		{80B2BB76-22C0-4992-AA6E-750F0C2A8AC8}.Release|Any CPU.ActiveCfg = Release|Any CPU
		{80B2BB76-22C0-4992-AA6E-750F0C2A8AC8}.Release|Any CPU.Build.0 = Release|Any CPU
		{FF2E0731-9EC9-4A6C-8346-054E763ACC49}.Debug|Any CPU.ActiveCfg = Debug|Any CPU
		{FF2E0731-9EC9-4A6C-8346-054E763ACC49}.Debug|Any CPU.Build.0 = Debug|Any CPU
		{FF2E0731-9EC9-4A6C-8346-054E763ACC49}.Release|Any CPU.ActiveCfg = Release|Any CPU
		{FF2E0731-9EC9-4A6C-8346-054E763ACC49}.Release|Any CPU.Build.0 = Release|Any CPU
		{2FF81DA2-CACC-41F5-89F0-7B0793A3AAF2}.Debug|Any CPU.ActiveCfg = Debug|Any CPU
		{2FF81DA2-CACC-41F5-89F0-7B0793A3AAF2}.Debug|Any CPU.Build.0 = Debug|Any CPU
		{2FF81DA2-CACC-41F5-89F0-7B0793A3AAF2}.Release|Any CPU.ActiveCfg = Release|Any CPU
		{2FF81DA2-CACC-41F5-89F0-7B0793A3AAF2}.Release|Any CPU.Build.0 = Release|Any CPU
		{0137FCEC-6F78-4F19-BEEA-B731D7522A08}.Debug|Any CPU.ActiveCfg = Debug|Any CPU
		{0137FCEC-6F78-4F19-BEEA-B731D7522A08}.Debug|Any CPU.Build.0 = Debug|Any CPU
		{0137FCEC-6F78-4F19-BEEA-B731D7522A08}.Release|Any CPU.ActiveCfg = Release|Any CPU
		{0137FCEC-6F78-4F19-BEEA-B731D7522A08}.Release|Any CPU.Build.0 = Release|Any CPU
	EndGlobalSection
EndGlobal
